
Microsoft Visual Studio Solution File, Format Version 12.00
# Visual Studio 15
VisualStudioVersion = 15.0.27703.2042
MinimumVisualStudioVersion = 10.0.40219.1
Project("{FAE04EC0-301F-11D3-BF4B-00C04F79EFBC}") = "Examen_1", "Examen_1\Examen_1.csproj", "{EE59D017-7AB7-48C6-927D-92D283C11F97}"
EndProject
Global
	GlobalSection(SolutionConfigurationPlatforms) = preSolution
		Debug|Any CPU = Debug|Any CPU
		Release|Any CPU = Release|Any CPU
	EndGlobalSection
	GlobalSection(ProjectConfigurationPlatforms) = postSolution
		{EE59D017-7AB7-48C6-927D-92D283C11F97}.Debug|Any CPU.ActiveCfg = Debug|Any CPU
		{EE59D017-7AB7-48C6-927D-92D283C11F97}.Debug|Any CPU.Build.0 = Debug|Any CPU
		{EE59D017-7AB7-48C6-927D-92D283C11F97}.Release|Any CPU.ActiveCfg = Release|Any CPU
		{EE59D017-7AB7-48C6-927D-92D283C11F97}.Release|Any CPU.Build.0 = Release|Any CPU
	EndGlobalSection
	GlobalSection(SolutionProperties) = preSolution
		HideSolutionNode = FALSE
	EndGlobalSection
	GlobalSection(ExtensibilityGlobals) = postSolution
		SolutionGuid = {0E408E95-3062-440A-82AA-5A106969485A}
	EndGlobalSection
EndGlobal
